
Microsoft Visual Studio Solution File, Format Version 12.00
# Visual Studio Version 17
VisualStudioVersion = 17.6.33815.320
MinimumVisualStudioVersion = 10.0.40219.1
Project("{FAE04EC0-301F-11D3-BF4B-00C04F79EFBC}") = "OnlineMarket", "OnlineMarket\OnlineMarket.csproj", "{0A9E551E-8818-41C0-A528-2CF5806B1157}"
EndProject
Global
	GlobalSection(SolutionConfigurationPlatforms) = preSolution
		Debug|Any CPU = Debug|Any CPU
		Release|Any CPU = Release|Any CPU
	EndGlobalSection
	GlobalSection(ProjectConfigurationPlatforms) = postSolution
		{0A9E551E-8818-41C0-A528-2CF5806B1157}.Debug|Any CPU.ActiveCfg = Debug|Any CPU
		{0A9E551E-8818-41C0-A528-2CF5806B1157}.Debug|Any CPU.Build.0 = Debug|Any CPU
		{0A9E551E-8818-41C0-A528-2CF5806B1157}.Release|Any CPU.ActiveCfg = Release|Any CPU
		{0A9E551E-8818-41C0-A528-2CF5806B1157}.Release|Any CPU.Build.0 = Release|Any CPU
	EndGlobalSection
	GlobalSection(SolutionProperties) = preSolution
		HideSolutionNode = FALSE
	EndGlobalSection
	GlobalSection(ExtensibilityGlobals) = postSolution
		SolutionGuid = {C43DCD5E-B16E-4891-AFDF-807C290F6204}
	EndGlobalSection
EndGlobal
